{
  "name": "@ice-cli/exec",
  "version": "0.0.0",
  "lockfileVersion": 2,
  "requires": true,
  "packages": {
    "": {
      "name": "@ice-cli/exec",
      "version": "0.0.0",
      "license": "ISC",
      "dependencies": {
        "@ice-cli/format-path": "file:../../utils/format-path",
        "@ice-cli/log": "file:../../utils/log",
        "@ice-cli/package": "file:../../models/package"
      }
    },
    "../../models/package": {
      "name": "@ice-cli/package",
      "version": "0.0.0",
      "license": "ISC",
      "dependencies": {
        "pkg-dir": "^5.0.0"
      }
    },
    "../../utils/format-path": {
      "version": "0.0.0",
      "license": "ISC"
    },
    "../../utils/log": {
      "name": "@ice-cli/log",
      "version": "0.0.0",
      "license": "ISC",
      "dependencies": {
        "npmlog": "^6.0.2"
      }
    },
    "node_modules/@ice-cli/format-path": {
      "resolved": "../../utils/format-path",
      "link": true
    },
    "node_modules/@ice-cli/log": {
      "resolved": "../../utils/log",
      "link": true
    },
    "node_modules/@ice-cli/package": {
      "resolved": "../../models/package",
      "link": true
    }
  },
  "dependencies": {
    "@ice-cli/format-path": {
      "version": "file:../../utils/format-path"
    },
    "@ice-cli/log": {
      "version": "file:../../utils/log",
      "requires": {
        "npmlog": "^6.0.2"
      }
    },
    "@ice-cli/package": {
      "version": "file:../../models/package",
      "requires": {
        "pkg-dir": "^5.0.0"
      }
    }
  }
}
